
Microsoft Visual Studio Solution File, Format Version 12.00
Project("{FAE04EC0-301F-11D3-BF4B-00C04F79EFBC}") = "GenericRepoDemo.Domain", "GenericRepoDemo.Domain\GenericRepoDemo.Domain.csproj", "{F4F4D05A-4E03-4AA7-891C-702C53A1FFE0}"
EndProject
Project("{FAE04EC0-301F-11D3-BF4B-00C04F79EFBC}") = "GenericRepoDemo.DataAccess", "GenericRepoDemo.DataAccess\GenericRepoDemo.DataAccess.csproj", "{1982474D-0970-40E6-B899-2848D0A6FB08}"
EndProject
Project("{FAE04EC0-301F-11D3-BF4B-00C04F79EFBC}") = "GenericRepoDemo", "GenericRepoDemo\GenericRepoDemo.csproj", "{1203EEBD-D814-40EF-A634-2F12BC75F026}"
EndProject
Global
	GlobalSection(SolutionConfigurationPlatforms) = preSolution
		Debug|Any CPU = Debug|Any CPU
		Release|Any CPU = Release|Any CPU
	EndGlobalSection
	GlobalSection(ProjectConfigurationPlatforms) = postSolution
		{F4F4D05A-4E03-4AA7-891C-702C53A1FFE0}.Debug|Any CPU.ActiveCfg = Debug|Any CPU
		{F4F4D05A-4E03-4AA7-891C-702C53A1FFE0}.Debug|Any CPU.Build.0 = Debug|Any CPU
		{F4F4D05A-4E03-4AA7-891C-702C53A1FFE0}.Release|Any CPU.ActiveCfg = Release|Any CPU
		{F4F4D05A-4E03-4AA7-891C-702C53A1FFE0}.Release|Any CPU.Build.0 = Release|Any CPU
		{1982474D-0970-40E6-B899-2848D0A6FB08}.Debug|Any CPU.ActiveCfg = Debug|Any CPU
		{1982474D-0970-40E6-B899-2848D0A6FB08}.Debug|Any CPU.Build.0 = Debug|Any CPU
		{1982474D-0970-40E6-B899-2848D0A6FB08}.Release|Any CPU.ActiveCfg = Release|Any CPU
		{1982474D-0970-40E6-B899-2848D0A6FB08}.Release|Any CPU.Build.0 = Release|Any CPU
		{1203EEBD-D814-40EF-A634-2F12BC75F026}.Debug|Any CPU.ActiveCfg = Debug|Any CPU
		{1203EEBD-D814-40EF-A634-2F12BC75F026}.Debug|Any CPU.Build.0 = Debug|Any CPU
		{1203EEBD-D814-40EF-A634-2F12BC75F026}.Release|Any CPU.ActiveCfg = Release|Any CPU
		{1203EEBD-D814-40EF-A634-2F12BC75F026}.Release|Any CPU.Build.0 = Release|Any CPU
	EndGlobalSection
EndGlobal
